
Microsoft Visual Studio Solution File, Format Version 12.00
# Visual Studio Version 16
VisualStudioVersion = 16.0.31205.134
MinimumVisualStudioVersion = 10.0.40219.1
Project("{9A19103F-16F7-4668-BE54-9A1E7A4F7556}") = "BlazorClientApp", "BlazorClientApp.csproj", "{C65FDC11-F30C-4375-9542-A77FEF1D9848}"
EndProject
Global
	GlobalSection(SolutionConfigurationPlatforms) = preSolution
		Debug|Any CPU = Debug|Any CPU
		Release|Any CPU = Release|Any CPU
	EndGlobalSection
	GlobalSection(ProjectConfigurationPlatforms) = postSolution
		{C65FDC11-F30C-4375-9542-A77FEF1D9848}.Debug|Any CPU.ActiveCfg = Debug|Any CPU
		{C65FDC11-F30C-4375-9542-A77FEF1D9848}.Debug|Any CPU.Build.0 = Debug|Any CPU
		{C65FDC11-F30C-4375-9542-A77FEF1D9848}.Release|Any CPU.ActiveCfg = Release|Any CPU
		{C65FDC11-F30C-4375-9542-A77FEF1D9848}.Release|Any CPU.Build.0 = Release|Any CPU
	EndGlobalSection
	GlobalSection(SolutionProperties) = preSolution
		HideSolutionNode = FALSE
	EndGlobalSection
	GlobalSection(ExtensibilityGlobals) = postSolution
		SolutionGuid = {ECE9123E-54BE-415C-B5C8-2A2ED9DB5475}
	EndGlobalSection
EndGlobal
